
Microsoft Visual Studio Solution File, Format Version 12.00
# Visual Studio Version 17
VisualStudioVersion = 17.5.33502.453
MinimumVisualStudioVersion = 10.0.40219.1
Project("{54435603-DBB4-11D2-8724-00A0C9A8B90C}") = "EZFFB Setup", "EZFFB Setup\EZFFB Setup.vdproj", "{624E5E39-9B54-4DE3-B17A-D206BFC320C4}"
EndProject
Global
	GlobalSection(SolutionConfigurationPlatforms) = preSolution
		Debug|Default = Debug|Default
		Release|Default = Release|Default
	EndGlobalSection
	GlobalSection(ProjectConfigurationPlatforms) = postSolution
		{624E5E39-9B54-4DE3-B17A-D206BFC320C4}.Debug|Default.ActiveCfg = Debug
		{624E5E39-9B54-4DE3-B17A-D206BFC320C4}.Debug|Default.Build.0 = Debug
		{624E5E39-9B54-4DE3-B17A-D206BFC320C4}.Release|Default.ActiveCfg = Release
		{624E5E39-9B54-4DE3-B17A-D206BFC320C4}.Release|Default.Build.0 = Release
	EndGlobalSection
	GlobalSection(SolutionProperties) = preSolution
		HideSolutionNode = FALSE
	EndGlobalSection
	GlobalSection(ExtensibilityGlobals) = postSolution
		SolutionGuid = {DFE49663-8117-4B50-9B38-34F2B34498FB}
	EndGlobalSection
EndGlobal
